
Microsoft Visual Studio Solution File, Format Version 12.00
# Visual Studio Version 16
VisualStudioVersion = 25.0.1706.4
MinimumVisualStudioVersion = 10.0.40219.1
Project("{FAE04EC0-301F-11D3-BF4B-00C04F79EFBC}") = "task64", "task64\task64.csproj", "{3E60FF56-A087-4877-A0CC-8C4667D8E1BE}"
EndProject
Global
	GlobalSection(SolutionConfigurationPlatforms) = preSolution
		Debug|Any CPU = Debug|Any CPU
		Release|Any CPU = Release|Any CPU
	EndGlobalSection
	GlobalSection(ProjectConfigurationPlatforms) = postSolution
		{3E60FF56-A087-4877-A0CC-8C4667D8E1BE}.Debug|Any CPU.ActiveCfg = Debug|Any CPU
		{3E60FF56-A087-4877-A0CC-8C4667D8E1BE}.Debug|Any CPU.Build.0 = Debug|Any CPU
		{3E60FF56-A087-4877-A0CC-8C4667D8E1BE}.Release|Any CPU.ActiveCfg = Release|Any CPU
		{3E60FF56-A087-4877-A0CC-8C4667D8E1BE}.Release|Any CPU.Build.0 = Release|Any CPU
	EndGlobalSection
	GlobalSection(SolutionProperties) = preSolution
		HideSolutionNode = FALSE
	EndGlobalSection
	GlobalSection(ExtensibilityGlobals) = postSolution
		SolutionGuid = {3BF6D258-2C60-4FC9-892E-779C25FC44FF}
	EndGlobalSection
EndGlobal
