
Microsoft Visual Studio Solution File, Format Version 12.00
# Visual Studio Version 16
VisualStudioVersion = 25.0.1706.4
MinimumVisualStudioVersion = 10.0.40219.1
Project("{FAE04EC0-301F-11D3-BF4B-00C04F79EFBC}") = "task68", "task68\task68.csproj", "{0360895B-9FB7-4FCD-9263-1DA0A913DDA6}"
EndProject
Global
	GlobalSection(SolutionConfigurationPlatforms) = preSolution
		Debug|Any CPU = Debug|Any CPU
		Release|Any CPU = Release|Any CPU
	EndGlobalSection
	GlobalSection(ProjectConfigurationPlatforms) = postSolution
		{0360895B-9FB7-4FCD-9263-1DA0A913DDA6}.Debug|Any CPU.ActiveCfg = Debug|Any CPU
		{0360895B-9FB7-4FCD-9263-1DA0A913DDA6}.Debug|Any CPU.Build.0 = Debug|Any CPU
		{0360895B-9FB7-4FCD-9263-1DA0A913DDA6}.Release|Any CPU.ActiveCfg = Release|Any CPU
		{0360895B-9FB7-4FCD-9263-1DA0A913DDA6}.Release|Any CPU.Build.0 = Release|Any CPU
	EndGlobalSection
	GlobalSection(SolutionProperties) = preSolution
		HideSolutionNode = FALSE
	EndGlobalSection
	GlobalSection(ExtensibilityGlobals) = postSolution
		SolutionGuid = {8CEA7016-CC7B-4262-9C08-EA7914151568}
	EndGlobalSection
EndGlobal
