
Microsoft Visual Studio Solution File, Format Version 12.00
# Visual Studio Version 16
VisualStudioVersion = 25.0.1706.4
MinimumVisualStudioVersion = 10.0.40219.1
Project("{FAE04EC0-301F-11D3-BF4B-00C04F79EFBC}") = "task66", "task66\task66.csproj", "{1AA4D287-B682-4789-861E-CF96D0966E15}"
EndProject
Global
	GlobalSection(SolutionConfigurationPlatforms) = preSolution
		Debug|Any CPU = Debug|Any CPU
		Release|Any CPU = Release|Any CPU
	EndGlobalSection
	GlobalSection(ProjectConfigurationPlatforms) = postSolution
		{1AA4D287-B682-4789-861E-CF96D0966E15}.Debug|Any CPU.ActiveCfg = Debug|Any CPU
		{1AA4D287-B682-4789-861E-CF96D0966E15}.Debug|Any CPU.Build.0 = Debug|Any CPU
		{1AA4D287-B682-4789-861E-CF96D0966E15}.Release|Any CPU.ActiveCfg = Release|Any CPU
		{1AA4D287-B682-4789-861E-CF96D0966E15}.Release|Any CPU.Build.0 = Release|Any CPU
	EndGlobalSection
	GlobalSection(SolutionProperties) = preSolution
		HideSolutionNode = FALSE
	EndGlobalSection
	GlobalSection(ExtensibilityGlobals) = postSolution
		SolutionGuid = {28A96B8E-8ACF-4761-9F3A-53D0E59BC3EF}
	EndGlobalSection
EndGlobal
